<?xml version="1.0" encoding="UTF-8" standalone="yes" ?>
<CodeBlocks_project_file>
	<FileVersion major="1" minor="6" />
	<Project>
		<Option title="QuanLiThuVien13" />
		<Option pch_mode="2" />
		<Option compiler="gcc" />
		<Build>
			<Target title="default">
				<Option output="QuanLiThuVien13" prefix_auto="1" extension_auto="1" />
				<Option type="1" />
				<Option compiler="gcc" />
			</Target>
		</Build>
		<Unit filename="DSDocGia.h" />
		<Unit filename="DauSach.h" />
		<Unit filename="GlobalVariable.h" />
		<Unit filename="Marcro.h" />
		<Unit filename="Muon_Tra.h" />
		<Unit filename="Ngay_Thang.h" />
		<Unit filename="main.cpp" />
		<Unit filename="ve_hinh.h" />
		<Unit filename="xu_ly.h" />
		<Extensions />
	</Project>
</CodeBlocks_project_file>
